
Microsoft Visual Studio Solution File, Format Version 12.00
# Visual Studio Version 17
VisualStudioVersion = 17.10.35122.118
MinimumVisualStudioVersion = 10.0.40219.1
Project("{FAE04EC0-301F-11D3-BF4B-00C04F79EFBC}") = "2.1, 3rd que", "2.1, 3rd que\2.1, 3rd que.csproj", "{21FE6246-87EE-4CA7-9017-964D0CA6399E}"
EndProject
Global
	GlobalSection(SolutionConfigurationPlatforms) = preSolution
		Debug|Any CPU = Debug|Any CPU
		Release|Any CPU = Release|Any CPU
	EndGlobalSection
	GlobalSection(ProjectConfigurationPlatforms) = postSolution
		{21FE6246-87EE-4CA7-9017-964D0CA6399E}.Debug|Any CPU.ActiveCfg = Debug|Any CPU
		{21FE6246-87EE-4CA7-9017-964D0CA6399E}.Debug|Any CPU.Build.0 = Debug|Any CPU
		{21FE6246-87EE-4CA7-9017-964D0CA6399E}.Release|Any CPU.ActiveCfg = Release|Any CPU
		{21FE6246-87EE-4CA7-9017-964D0CA6399E}.Release|Any CPU.Build.0 = Release|Any CPU
	EndGlobalSection
	GlobalSection(SolutionProperties) = preSolution
		HideSolutionNode = FALSE
	EndGlobalSection
	GlobalSection(ExtensibilityGlobals) = postSolution
		SolutionGuid = {A5B5BD78-15CF-4138-B72D-E13F85F3188A}
	EndGlobalSection
EndGlobal
